github.com/AaronO/go-git-http v0.0.0-20161214145340-1d9485b3a98f/go.mod h1:+6Yuq73F9068Na+mSBNXCvyuxvgw4f/g5ii40e3U8Sc=
github.com/cznic/mathutil v0.0.0-20181122101859-297441e03548 h1:iwZdTE0PVqJCos1vaoKsclOGD3ADKpshg3SRtYBbwso=
github.com/cznic/mathutil v0.0.0-20181122101859-297441e03548/go.mod h1:e6NPNENfs9mPDVNRekM7lKScauxd5kXTr1Mfyig6TDM=
github.com/fsnotify/fsnotify v1.4.9 h1:hsms1Qyu0jgnwNXIxa+/V/PDsU6CfLf6CNO8H7IWoS4=
github.com/fsnotify/fsnotify v1.4.9/go.mod h1:znqG4EE+3YCdAaPaxE2ZRY/06pZUdp0tY4IgpuI1SZQ=
github.com/go-sql-driver/mysql v1.5.0 h1:ozyZYNQW3x3HtqT1jira07DN2PArx2v7/mN66gGcHOs=
github.com/go-sql-driver/mysql v1.5.0/go.mod h1:DCzpHaOWr8IXmIStZouvnhqoel9Qv2LBy8hT2VhHyBg=
github.com/konsorten/go-windows-terminal-sequences v1.0.3 h1:CE8S1cTafDpPvMhIxNJKvHsGVBgn1xWYf1NbHQhywc8=
github.com/konsorten/go-windows-terminal-sequences v1.0.3/go.mod h1:T0+1ngSBFLxvqU3pZ+m/2kptfBszLMUkC4ZK/EgS/cQ=
github.com/pkg/errors v0.9.1 h1:FEBLx1zS214owpjy7qsBeixbURkuhQAwrK5UwLGTwt4=
github.com/pkg/errors v0.9.1/go.mod h1:bwawxfHBFNV+L2hUp1rHADufV3IMtnDRdf1r5NINEl0=
github.com/remyoudompheng/bigfft v0.0.0-20200410134404-eec4a21b6bb0 h1:OdAsTTz6OkFY5QxjkYwrChwuRruF69c169dPK26NUlk=
github.com/remyoudompheng/bigfft v0.0.0-20200410134404-eec4a21b6bb0/go.mod h1:qqbHyh8v60DhA7CoWK5oRCqLrMHRGoxYCSS9EjAz6Eo=
github.com/tdewolff/minify v2.3.6+incompatible h1:2hw5/9ZvxhWLvBUnHE06gElGYz+Jv9R4Eys0XUzItYo=
github.com/tdewolff/minify v2.3.6+incompatible/go.mod h1:9Ov578KJUmAWpS6NeZwRZyT56Uf6o3Mcz9CEsg8USYs=
github.com/tdewolff/parse v2.3.4+incompatible h1:x05/cnGwIMf4ceLuDMBOdQ1qGniMoxpP46ghf0Qzh38=
github.com/tdewolff/parse v2.3.4+incompatible/go.mod h1:8oBwCsVmUkgHO8M5iCzSIDtpzXOT0WXX9cWhz+bIzJQ=
github.com/tdewolff/test v1.0.6 h1:76mzYJQ83Op284kMT+63iCNCI7NEERsIN8dLM+RiKr4=
github.com/tdewolff/test v1.0.6/go.mod h1:6DAvZliBAAnD7rhVgwaM7DE5/d9NMOAJ09SqYqeK4QE=
golang.org/x/crypto v0.0.0-20190308221718-c2843e01d9a2/go.mod h1:djNgcEr1/C05ACkg1iLfiJU5Ep61QUkGW8qpdssI0+w=
golang.org/x/crypto v0.0.0-20200622213623-75b288015ac9/go.mod h1:LzIPMQfyMNhhGPhUkYOs5KpL4U8rLKemX1yGLhDgUto=
golang.org/x/net v0.0.0-20190404232315-eb5bcb51f2a3/go.mod h1:t9HGtf8HONx5eT2rtn7q6eTqICYqUVnKs3thJo3Qplg=
golang.org/x/net v0.0.0-20200707034311-ab3426394381 h1:VXak5I6aEWmAXeQjA+QSZzlgNrpq9mjcfDemuexIKsU=
golang.org/x/net v0.0.0-20200707034311-ab3426394381/go.mod h1:/O7V0waA8r7cgGh81Ro3o1hOxt32SMVPicZroKQ2sZA=
golang.org/x/sys v0.0.0-20190215142949-d0b11bdaac8a/go.mod h1:STP8DvDyc/dI5b8T5hshtkjS+E42TnysNCUPdjciGhY=
golang.org/x/sys v0.0.0-20190412213103-97732733099d/go.mod h1:h1NjWce9XRLGQEsW7wpKNCjG9DtNlClVuFLEZdDNbEs=
golang.org/x/sys v0.0.0-20191005200804-aed5e4c7ecf9/go.mod h1:h1NjWce9XRLGQEsW7wpKNCjG9DtNlClVuFLEZdDNbEs=
golang.org/x/sys v0.0.0-20200323222414-85ca7c5b95cd h1:xhmwyvizuTgC2qz7ZlMluP20uW+C3Rm0FD/WLDX8884=
golang.org/x/sys v0.0.0-20200323222414-85ca7c5b95cd/go.mod h1:h1NjWce9XRLGQEsW7wpKNCjG9DtNlClVuFLEZdDNbEs=
golang.org/x/text v0.3.0/go.mod h1:NqM8EUOU14njkJ3fqMW+pc6Ldnwhi/IjpwHt7yyuwOQ=
taylz.io/db v0.0.0-20200722172100-704ac85b8eaa h1:D1sVXcDg6LVdtRRNV1uCe7g5aDctsbidUhFmjAE6Q4o=
taylz.io/db v0.0.0-20200722172100-704ac85b8eaa/go.mod h1:VSVAyQF/nY7uwfzXvTIvE74BJI6zsihWT/Feb9eVtK4=
taylz.io/env v0.0.0-20200721050000-92bc9c3196ca h1:j6mTBuSHXTAHv8NUAbRgzY3yaxUe6+wy5bbXnuvukqM=
taylz.io/env v0.0.0-20200721050000-92bc9c3196ca/go.mod h1:CQ9/AuCN6SaMgRlNeyrOBl5ZGObUSdJssvROEdbRf9w=
taylz.io/http v0.0.0-20200710003933-e70cc64619dc h1:Gm7xzIwE+Dcj9PFVqGjJc3dkbrMPUNcb61a2g142wB0=
taylz.io/http v0.0.0-20200710003933-e70cc64619dc/go.mod h1:KD1JtKjoGRDMIjJloNl2rcTWyCGunwGtYaP7bOY/Bos=
taylz.io/keygen v0.0.0-20200709232401-e4722243b34f/go.mod h1:ydkPteQzhFx7i3HG6Sdj4sV7ammePVVZqeXkUo29pgY=
taylz.io/log v0.0.0-20200608193831-db56d8c7da08 h1:+I8t84qc3OZ+9jpqz0+j3GRn3wV6aBA0y8lYTsLJgX4=
taylz.io/log v0.0.0-20200608193831-db56d8c7da08/go.mod h1:NREAxk6ydrwAj1DC1iimvYE9+8RB7NeYGAdSgRcpr88=
taylz.io/types v0.0.0-20200709233105-c2612282c3fb/go.mod h1:0HLZiOl1H6poLsaD/TS/OjkZb5dykB54NJo/xmAP3kg=
taylz.io/types v0.0.0-20200714041129-9205d7a3b492 h1:WiVMJQmeLXpKJx0UaP67vQxW6FcmrZMGSh6AdcPQMFY=
taylz.io/types v0.0.0-20200714041129-9205d7a3b492/go.mod h1:0HLZiOl1H6poLsaD/TS/OjkZb5dykB54NJo/xmAP3kg=
taylz.io/z/charset v0.0.0/go.mod h1:qiJv+jXWeY/TJDIRZhr/pXfTVj3uDjJEw2F3utyuco0=
